
Microsoft Visual Studio Solution File, Format Version 12.00
# Visual Studio Version 16
VisualStudioVersion = 16.0.31729.503
MinimumVisualStudioVersion = 10.0.40219.1
Project("{FAE04EC0-301F-11D3-BF4B-00C04F79EFBC}") = "1 Задача", "1 Задача.csproj", "{8F584301-107F-40CE-A51A-6994E9B6BF91}"
EndProject
Global
	GlobalSection(SolutionConfigurationPlatforms) = preSolution
		Debug|Any CPU = Debug|Any CPU
		Release|Any CPU = Release|Any CPU
	EndGlobalSection
	GlobalSection(ProjectConfigurationPlatforms) = postSolution
		{8F584301-107F-40CE-A51A-6994E9B6BF91}.Debug|Any CPU.ActiveCfg = Debug|Any CPU
		{8F584301-107F-40CE-A51A-6994E9B6BF91}.Debug|Any CPU.Build.0 = Debug|Any CPU
		{8F584301-107F-40CE-A51A-6994E9B6BF91}.Release|Any CPU.ActiveCfg = Release|Any CPU
		{8F584301-107F-40CE-A51A-6994E9B6BF91}.Release|Any CPU.Build.0 = Release|Any CPU
	EndGlobalSection
	GlobalSection(SolutionProperties) = preSolution
		HideSolutionNode = FALSE
	EndGlobalSection
	GlobalSection(ExtensibilityGlobals) = postSolution
		SolutionGuid = {3C1DF9C9-11EE-432F-9D5B-683D21CF20CD}
	EndGlobalSection
EndGlobal
